// !$*UTF8*$!
{
	archiveVersion = 1;
	classes = {
	};
	objectVersion = 55;
	objects = {

/* Begin PBXBuildFile section */
		1324B44528A3E7A000D46D1A /* AppDelegate.swift in Sources */ = {isa = PBXBuildFile; fileRef = 1324B44428A3E7A000D46D1A /* AppDelegate.swift */; };
		1324B44728A3E7A000D46D1A /* SceneDelegate.swift in Sources */ = {isa = PBXBuildFile; fileRef = 1324B44628A3E7A000D46D1A /* SceneDelegate.swift */; };
		1324B44928A3E7A000D46D1A /* ListsViewController.swift in Sources */ = {isa = PBXBuildFile; fileRef = 1324B44828A3E7A000D46D1A /* ListsViewController.swift */; };
		1324B44C28A3E7A000D46D1A /* Main.storyboard in Resources */ = {isa = PBXBuildFile; fileRef = 1324B44A28A3E7A000D46D1A /* Main.storyboard */; };
		1324B44E28A3E7A100D46D1A /* Assets.xcassets in Resources */ = {isa = PBXBuildFile; fileRef = 1324B44D28A3E7A100D46D1A /* Assets.xcassets */; };
		1324B45128A3E7A100D46D1A /* LaunchScreen.storyboard in Resources */ = {isa = PBXBuildFile; fileRef = 1324B44F28A3E7A100D46D1A /* LaunchScreen.storyboard */; };
		13698FED28A65094006A22C2 /* ItemListViewController.swift in Sources */ = {isa = PBXBuildFile; fileRef = 13698FEC28A65094006A22C2 /* ItemListViewController.swift */; };
		13698FF028A65631006A22C2 /* Item.swift in Sources */ = {isa = PBXBuildFile; fileRef = 13698FEF28A65631006A22C2 /* Item.swift */; };
		13698FF228A65D0A006A22C2 /* ItemListViewController+DataSource.swift in Sources */ = {isa = PBXBuildFile; fileRef = 13698FF128A65D0A006A22C2 /* ItemListViewController+DataSource.swift */; };
/* End PBXBuildFile section */

/* Begin PBXFileReference section */
		1324B44128A3E7A000D46D1A /* ShoppingListPro.app */ = {isa = PBXFileReference; explicitFileType = wrapper.application; includeInIndex = 0; path = ShoppingListPro.app; sourceTree = BUILT_PRODUCTS_DIR; };
		1324B44428A3E7A000D46D1A /* AppDelegate.swift */ = {isa = PBXFileReference; lastKnownFileType = sourcecode.swift; path = AppDelegate.swift; sourceTree = "<group>"; };
		1324B44628A3E7A000D46D1A /* SceneDelegate.swift */ = {isa = PBXFileReference; lastKnownFileType = sourcecode.swift; path = SceneDelegate.swift; sourceTree = "<group>"; };
		1324B44828A3E7A000D46D1A /* ListsViewController.swift */ = {isa = PBXFileReference; lastKnownFileType = sourcecode.swift; path = ListsViewController.swift; sourceTree = "<group>"; };
		1324B44B28A3E7A000D46D1A /* Base */ = {isa = PBXFileReference; lastKnownFileType = file.storyboard; name = Base; path = Base.lproj/Main.storyboard; sourceTree = "<group>"; };
		1324B44D28A3E7A100D46D1A /* Assets.xcassets */ = {isa = PBXFileReference; lastKnownFileType = folder.assetcatalog; path = Assets.xcassets; sourceTree = "<group>"; };
		1324B45028A3E7A100D46D1A /* Base */ = {isa = PBXFileReference; lastKnownFileType = file.storyboard; name = Base; path = Base.lproj/LaunchScreen.storyboard; sourceTree = "<group>"; };
		1324B45228A3E7A100D46D1A /* Info.plist */ = {isa = PBXFileReference; lastKnownFileType = text.plist.xml; path = Info.plist; sourceTree = "<group>"; };
		13698FEC28A65094006A22C2 /* ItemListViewController.swift */ = {isa = PBXFileReference; lastKnownFileType = sourcecode.swift; path = ItemListViewController.swift; sourceTree = "<group>"; };
		13698FEF28A65631006A22C2 /* Item.swift */ = {isa = PBXFileReference; lastKnownFileType = sourcecode.swift; path = Item.swift; sourceTree = "<group>"; };
		13698FF128A65D0A006A22C2 /* ItemListViewController+DataSource.swift */ = {isa = PBXFileReference; lastKnownFileType = sourcecode.swift; path = "ItemListViewController+DataSource.swift"; sourceTree = "<group>"; };
/* End PBXFileReference section */

/* Begin PBXFrameworksBuildPhase section */
		1324B43E28A3E7A000D46D1A /* Frameworks */ = {
			isa = PBXFrameworksBuildPhase;
			buildActionMask = 2147483647;
			files = (
			);
			runOnlyForDeploymentPostprocessing = 0;
		};
/* End PBXFrameworksBuildPhase section */

/* Begin PBXGroup section */
		1324B43828A3E7A000D46D1A = {
			isa = PBXGroup;
			children = (
				1324B44328A3E7A000D46D1A /* ShoppingListPro */,
				1324B44228A3E7A000D46D1A /* Products */,
			);
			sourceTree = "<group>";
		};
		1324B44228A3E7A000D46D1A /* Products */ = {
			isa = PBXGroup;
			children = (
				1324B44128A3E7A000D46D1A /* ShoppingListPro.app */,
			);
			name = Products;
			sourceTree = "<group>";
		};
		1324B44328A3E7A000D46D1A /* ShoppingListPro */ = {
			isa = PBXGroup;
			children = (
				13698FEE28A65628006A22C2 /* Models */,
				1324B44428A3E7A000D46D1A /* AppDelegate.swift */,
				1324B44628A3E7A000D46D1A /* SceneDelegate.swift */,
				1324B44828A3E7A000D46D1A /* ListsViewController.swift */,
				13698FF328A668C6006A22C2 /* ListViewController */,
				1324B44A28A3E7A000D46D1A /* Main.storyboard */,
				1324B44D28A3E7A100D46D1A /* Assets.xcassets */,
				1324B44F28A3E7A100D46D1A /* LaunchScreen.storyboard */,
				1324B45228A3E7A100D46D1A /* Info.plist */,
			);
			path = ShoppingListPro;
			sourceTree = "<group>";
		};
		13698FEE28A65628006A22C2 /* Models */ = {
			isa = PBXGroup;
			children = (
				13698FEF28A65631006A22C2 /* Item.swift */,
			);
			path = Models;
			sourceTree = "<group>";
		};
		13698FF328A668C6006A22C2 /* ListViewController */ = {
			isa = PBXGroup;
			children = (
				13698FEC28A65094006A22C2 /* ItemListViewController.swift */,
				13698FF128A65D0A006A22C2 /* ItemListViewController+DataSource.swift */,
			);
			path = ListViewController;
			sourceTree = "<group>";
		};
/* End PBXGroup section */

/* Begin PBXNativeTarget section */
		1324B44028A3E7A000D46D1A /* ShoppingListPro */ = {
			isa = PBXNativeTarget;
			buildConfigurationList = 1324B45528A3E7A100D46D1A /* Build configuration list for PBXNativeTarget "ShoppingListPro" */;
			buildPhases = (
				1324B43D28A3E7A000D46D1A /* Sources */,
				1324B43E28A3E7A000D46D1A /* Frameworks */,
				1324B43F28A3E7A000D46D1A /* Resources */,
			);
			buildRules = (
			);
			dependencies = (
			);
			name = ShoppingListPro;
			productName = ShoppingListPro;
			productReference = 1324B44128A3E7A000D46D1A /* ShoppingListPro.app */;
			productType = "com.apple.product-type.application";
		};
/* End PBXNativeTarget section */

/* Begin PBXProject section */
		1324B43928A3E7A000D46D1A /* Project object */ = {
			isa = PBXProject;
			attributes = {
				BuildIndependentTargetsInParallel = 1;
				LastSwiftUpdateCheck = 1330;
				LastUpgradeCheck = 1330;
				TargetAttributes = {
					1324B44028A3E7A000D46D1A = {
						CreatedOnToolsVersion = 13.3;
					};
				};
			};
			buildConfigurationList = 1324B43C28A3E7A000D46D1A /* Build configuration list for PBXProject "ShoppingListPro" */;
			compatibilityVersion = "Xcode 13.0";
			developmentRegion = en;
			hasScannedForEncodings = 0;
			knownRegions = (
				en,
				Base,
			);
			mainGroup = 1324B43828A3E7A000D46D1A;
			productRefGroup = 1324B44228A3E7A000D46D1A /* Products */;
			projectDirPath = "";
			projectRoot = "";
			targets = (
				1324B44028A3E7A000D46D1A /* ShoppingListPro */,
			);
		};
/* End PBXProject section */

/* Begin PBXResourcesBuildPhase section */
		1324B43F28A3E7A000D46D1A /* Resources */ = {
			isa = PBXResourcesBuildPhase;
			buildActionMask = 2147483647;
			files = (
				1324B45128A3E7A100D46D1A /* LaunchScreen.storyboard in Resources */,
				1324B44E28A3E7A100D46D1A /* Assets.xcassets in Resources */,
				1324B44C28A3E7A000D46D1A /* Main.storyboard in Resources */,
			);
			runOnlyForDeploymentPostprocessing = 0;
		};
/* End PBXResourcesBuildPhase section */

/* Begin PBXSourcesBuildPhase section */
		1324B43D28A3E7A000D46D1A /* Sources */ = {
			isa = PBXSourcesBuildPhase;
			buildActionMask = 2147483647;
			files = (
				1324B44928A3E7A000D46D1A /* ListsViewController.swift in Sources */,
				13698FF028A65631006A22C2 /* Item.swift in Sources */,
				13698FF228A65D0A006A22C2 /* ItemListViewController+DataSource.swift in Sources */,
				1324B44528A3E7A000D46D1A /* AppDelegate.swift in Sources */,
				13698FED28A65094006A22C2 /* ItemListViewController.swift in Sources */,
				1324B44728A3E7A000D46D1A /* SceneDelegate.swift in Sources */,
			);
			runOnlyForDeploymentPostprocessing = 0;
		};
/* End PBXSourcesBuildPhase section */

/* Begin PBXVariantGroup section */
		1324B44A28A3E7A000D46D1A /* Main.storyboard */ = {
			isa = PBXVariantGroup;
			children = (
				1324B44B28A3E7A000D46D1A /* Base */,
			);
			name = Main.storyboard;
			sourceTree = "<group>";
		};
		1324B44F28A3E7A100D46D1A /* LaunchScreen.storyboard */ = {
			isa = PBXVariantGroup;
			children = (
				1324B45028A3E7A100D46D1A /* Base */,
			);
			name = LaunchScreen.storyboard;
			sourceTree = "<group>";
		};
/* End PBXVariantGroup section */

/* Begin XCBuildConfiguration section */
		1324B45328A3E7A100D46D1A /* Debug */ = {
			isa = XCBuildConfiguration;
			buildSettings = {
				ALWAYS_SEARCH_USER_PATHS = NO;
				CLANG_ANALYZER_NONNULL = YES;
				CLANG_ANALYZER_NUMBER_OBJECT_CONVERSION = YES_AGGRESSIVE;
				CLANG_CXX_LANGUAGE_STANDARD = "gnu++17";
				CLANG_ENABLE_MODULES = YES;
				CLANG_ENABLE_OBJC_ARC = YES;
				CLANG_ENABLE_OBJC_WEAK = YES;
				CLANG_WARN_BLOCK_CAPTURE_AUTORELEASING = YES;
				CLANG_WARN_BOOL_CONVERSION = YES;
				CLANG_WARN_COMMA = YES;
				CLANG_WARN_CONSTANT_CONVERSION = YES;
				CLANG_WARN_DEPRECATED_OBJC_IMPLEMENTATIONS = YES;
				CLANG_WARN_DIRECT_OBJC_ISA_USAGE = YES_ERROR;
				CLANG_WARN_DOCUMENTATION_COMMENTS = YES;
				CLANG_WARN_EMPTY_BODY = YES;
				CLANG_WARN_ENUM_CONVERSION = YES;
				CLANG_WARN_INFINITE_RECURSION = YES;
				CLANG_WARN_INT_CONVERSION = YES;
				CLANG_WARN_NON_LITERAL_NULL_CONVERSION = YES;
				CLANG_WARN_OBJC_IMPLICIT_RETAIN_SELF = YES;
				CLANG_WARN_OBJC_LITERAL_CONVERSION = YES;
				CLANG_WARN_OBJC_ROOT_CLASS = YES_ERROR;
				CLANG_WARN_QUOTED_INCLUDE_IN_FRAMEWORK_HEADER = YES;
				CLANG_WARN_RANGE_LOOP_ANALYSIS = YES;
				CLANG_WARN_STRICT_PROTOTYPES = YES;
				CLANG_WARN_SUSPICIOUS_MOVE = YES;
				CLANG_WARN_UNGUARDED_AVAILABILITY = YES_AGGRESSIVE;
				CLANG_WARN_UNREACHABLE_CODE = YES;
				CLANG_WARN__DUPLICATE_METHOD_MATCH = YES;
				COPY_PHASE_STRIP = NO;
				DEBUG_INFORMATION_FORMAT = dwarf;
				ENABLE_STRICT_OBJC_MSGSEND = YES;
				ENABLE_TESTABILITY = YES;
				GCC_C_LANGUAGE_STANDARD = gnu11;
				GCC_DYNAMIC_NO_PIC = NO;
				GCC_NO_COMMON_BLOCKS = YES;
				GCC_OPTIMIZATION_LEVEL = 0;
				GCC_PREPROCESSOR_DEFINITIONS = (
					"DEBUG=1",
					"$(inherited)",
				);
				GCC_WARN_64_TO_32_BIT_CONVERSION = YES;
				GCC_WARN_ABOUT_RETURN_TYPE = YES_ERROR;
				GCC_WARN_UNDECLARED_SELECTOR = YES;
				GCC_WARN_UNINITIALIZED_AUTOS = YES_AGGRESSIVE;
				GCC_WARN_UNUSED_FUNCTION = YES;
				GCC_WARN_UNUSED_VARIABLE = YES;
				IPHONEOS_DEPLOYMENT_TARGET = 15.4;
				MTL_ENABLE_DEBUG_INFO = INCLUDE_SOURCE;
				MTL_FAST_MATH = YES;
				ONLY_ACTIVE_ARCH = YES;
				SDKROOT = iphoneos;
				SWIFT_ACTIVE_COMPILATION_CONDITIONS = DEBUG;
				SWIFT_OPTIMIZATION_LEVEL = "-Onone";
			};
			name = Debug;
		};
		1324B45428A3E7A100D46D1A /* Release */ = {
			isa = XCBuildConfiguration;
			buildSettings = {
				ALWAYS_SEARCH_USER_PATHS = NO;
				CLANG_ANALYZER_NONNULL = YES;
				CLANG_ANALYZER_NUMBER_OBJECT_CONVERSION = YES_AGGRESSIVE;
				CLANG_CXX_LANGUAGE_STANDARD = "gnu++17";
				CLANG_ENABLE_MODULES = YES;
				CLANG_ENABLE_OBJC_ARC = YES;
				CLANG_ENABLE_OBJC_WEAK = YES;
				CLANG_WARN_BLOCK_CAPTURE_AUTORELEASING = YES;
				CLANG_WARN_BOOL_CONVERSION = YES;
				CLANG_WARN_COMMA = YES;
				CLANG_WARN_CONSTANT_CONVERSION = YES;
				CLANG_WARN_DEPRECATED_OBJC_IMPLEMENTATIONS = YES;
				CLANG_WARN_DIRECT_OBJC_ISA_USAGE = YES_ERROR;
				CLANG_WARN_DOCUMENTATION_COMMENTS = YES;
				CLANG_WARN_EMPTY_BODY = YES;
				CLANG_WARN_ENUM_CONVERSION = YES;
				CLANG_WARN_INFINITE_RECURSION = YES;
				CLANG_WARN_INT_CONVERSION = YES;
				CLANG_WARN_NON_LITERAL_NULL_CONVERSION = YES;
				CLANG_WARN_OBJC_IMPLICIT_RETAIN_SELF = YES;
				CLANG_WARN_OBJC_LITERAL_CONVERSION = YES;
				CLANG_WARN_OBJC_ROOT_CLASS = YES_ERROR;
				CLANG_WARN_QUOTED_INCLUDE_IN_FRAMEWORK_HEADER = YES;
				CLANG_WARN_RANGE_LOOP_ANALYSIS = YES;
				CLANG_WARN_STRICT_PROTOTYPES = YES;
				CLANG_WARN_SUSPICIOUS_MOVE = YES;
				CLANG_WARN_UNGUARDED_AVAILABILITY = YES_AGGRESSIVE;
				CLANG_WARN_UNREACHABLE_CODE = YES;
				CLANG_WARN__DUPLICATE_METHOD_MATCH = YES;
				COPY_PHASE_STRIP = NO;
				DEBUG_INFORMATION_FORMAT = "dwarf-with-dsym";
				ENABLE_NS_ASSERTIONS = NO;
				ENABLE_STRICT_OBJC_MSGSEND = YES;
				GCC_C_LANGUAGE_STANDARD = gnu11;
				GCC_NO_COMMON_BLOCKS = YES;
				GCC_WARN_64_TO_32_BIT_CONVERSION = YES;
				GCC_WARN_ABOUT_RETURN_TYPE = YES_ERROR;
				GCC_WARN_UNDECLARED_SELECTOR = YES;
				GCC_WARN_UNINITIALIZED_AUTOS = YES_AGGRESSIVE;
				GCC_WARN_UNUSED_FUNCTION = YES;
				GCC_WARN_UNUSED_VARIABLE = YES;
				IPHONEOS_DEPLOYMENT_TARGET = 15.4;
				MTL_ENABLE_DEBUG_INFO = NO;
				MTL_FAST_MATH = YES;
				SDKROOT = iphoneos;
				SWIFT_COMPILATION_MODE = wholemodule;
				SWIFT_OPTIMIZATION_LEVEL = "-O";
				VALIDATE_PRODUCT = YES;
			};
			name = Release;
		};
		1324B45628A3E7A100D46D1A /* Debug */ = {
			isa = XCBuildConfiguration;
			buildSettings = {
				ASSETCATALOG_COMPILER_APPICON_NAME = AppIcon;
				ASSETCATALOG_COMPILER_GLOBAL_ACCENT_COLOR_NAME = AccentColor;
				CODE_SIGN_STYLE = Automatic;
				CURRENT_PROJECT_VERSION = 1;
				DEVELOPMENT_TEAM = 77882PL387;
				GENERATE_INFOPLIST_FILE = YES;
				INFOPLIST_FILE = ShoppingListPro/Info.plist;
				INFOPLIST_KEY_UIApplicationSupportsIndirectInputEvents = YES;
				INFOPLIST_KEY_UILaunchStoryboardName = LaunchScreen;
				INFOPLIST_KEY_UIMainStoryboardFile = Main;
				INFOPLIST_KEY_UISupportedInterfaceOrientations_iPad = "UIInterfaceOrientationPortrait UIInterfaceOrientationPortraitUpsideDown UIInterfaceOrientationLandscapeLeft UIInterfaceOrientationLandscapeRight";
				INFOPLIST_KEY_UISupportedInterfaceOrientations_iPhone = "UIInterfaceOrientationPortrait UIInterfaceOrientationLandscapeLeft UIInterfaceOrientationLandscapeRight";
				LD_RUNPATH_SEARCH_PATHS = (
					"$(inherited)",
					"@executable_path/Frameworks",
				);
				MARKETING_VERSION = 1.0;
				PRODUCT_BUNDLE_IDENTIFIER = tdyCo.ShoppingListPro;
				PRODUCT_NAME = "$(TARGET_NAME)";
				SWIFT_EMIT_LOC_STRINGS = YES;
				SWIFT_VERSION = 5.0;
				TARGETED_DEVICE_FAMILY = "1,2";
			};
			name = Debug;
		};
		1324B45728A3E7A100D46D1A /* Release */ = {
			isa = XCBuildConfiguration;
			buildSettings = {
				ASSETCATALOG_COMPILER_APPICON_NAME = AppIcon;
				ASSETCATALOG_COMPILER_GLOBAL_ACCENT_COLOR_NAME = AccentColor;
				CODE_SIGN_STYLE = Automatic;
				CURRENT_PROJECT_VERSION = 1;
				DEVELOPMENT_TEAM = 77882PL387;
				GENERATE_INFOPLIST_FILE = YES;
				INFOPLIST_FILE = ShoppingListPro/Info.plist;
				INFOPLIST_KEY_UIApplicationSupportsIndirectInputEvents = YES;
				INFOPLIST_KEY_UILaunchStoryboardName = LaunchScreen;
				INFOPLIST_KEY_UIMainStoryboardFile = Main;
				INFOPLIST_KEY_UISupportedInterfaceOrientations_iPad = "UIInterfaceOrientationPortrait UIInterfaceOrientationPortraitUpsideDown UIInterfaceOrientationLandscapeLeft UIInterfaceOrientationLandscapeRight";
				INFOPLIST_KEY_UISupportedInterfaceOrientations_iPhone = "UIInterfaceOrientationPortrait UIInterfaceOrientationLandscapeLeft UIInterfaceOrientationLandscapeRight";
				LD_RUNPATH_SEARCH_PATHS = (
					"$(inherited)",
					"@executable_path/Frameworks",
				);
				MARKETING_VERSION = 1.0;
				PRODUCT_BUNDLE_IDENTIFIER = tdyCo.ShoppingListPro;
				PRODUCT_NAME = "$(TARGET_NAME)";
				SWIFT_EMIT_LOC_STRINGS = YES;
				SWIFT_VERSION = 5.0;
				TARGETED_DEVICE_FAMILY = "1,2";
			};
			name = Release;
		};
/* End XCBuildConfiguration section */

/* Begin XCConfigurationList section */
		1324B43C28A3E7A000D46D1A /* Build configuration list for PBXProject "ShoppingListPro" */ = {
			isa = XCConfigurationList;
			buildConfigurations = (
				1324B45328A3E7A100D46D1A /* Debug */,
				1324B45428A3E7A100D46D1A /* Release */,
			);
			defaultConfigurationIsVisible = 0;
			defaultConfigurationName = Release;
		};
		1324B45528A3E7A100D46D1A /* Build configuration list for PBXNativeTarget "ShoppingListPro" */ = {
			isa = XCConfigurationList;
			buildConfigurations = (
				1324B45628A3E7A100D46D1A /* Debug */,
				1324B45728A3E7A100D46D1A /* Release */,
			);
			defaultConfigurationIsVisible = 0;
			defaultConfigurationName = Release;
		};
/* End XCConfigurationList section */
	};
	rootObject = 1324B43928A3E7A000D46D1A /* Project object */;
}
